<?xml version="1.0" encoding="utf-8"?>
<Project ToolsVersion="4.0" xmlns="http://schemas.microsoft.com/developer/msbuild/2003">
  <ItemGroup>
    <ClCompile Include="src\Addon.cpp" />
    <ClCompile Include="src\Block.cpp" />
    <ClCompile Include="src\JobSystem.cpp" />
    <ClCompile Include="src\Network.cpp" />
    <ClCompile Include="src\Noise.cpp" />
    <ClCompile Include="src\Observer.cpp" />
    <ClCompile Include="src\starlight_d3d10.cpp" />
    <ClCompile Include="src\starlight_d3d10_imgui.cpp" />
    <ClCompile Include="src\starlight_d3d11_imgui.cpp" />
    <ClCompile Include="src\starlight_external.cpp" />
    <ClCompile Include="src\starlight_game.cpp" />
    <ClCompile Include="src\starlight_input.cpp" />
    <ClCompile Include="src\starlight_log.cpp" />
    <ClCompile Include="src\starlight_d3d11.cpp" />
    <ClCompile Include="src\starlight_memory.cpp" />
    <ClCompile Include="src\starlight_opengl.cpp" />
    <ClCompile Include="src\starlight_platform.cpp" />
    <ClCompile Include="src\starlight_graphics.cpp" />
    <ClCompile Include="src\starlight_transform.cpp" />
    <ClCompile Include="src\starlight_windows.cpp" />
    <ClCompile Include="src\WorldGen.cpp" />
  </ItemGroup>
  <ItemGroup>
    <ClInclude Include="src\JobSystem.h" />
    <ClInclude Include="src\Network.h" />
    <ClInclude Include="src\Noise.h" />
    <ClInclude Include="src\Observer.h" />
    <ClInclude Include="src\starlight.h" />
    <ClInclude Include="src\starlight_cbuffer.h" />
    <ClInclude Include="src\starlight_config.h" />
    <ClInclude Include="src\starlight_d3d10.h" />
    <ClInclude Include="src\starlight_d3d11.h" />
    <ClInclude Include="src\starlight_d3d_shared.h" />
    <ClInclude Include="src\starlight_glm.h" />
    <ClInclude Include="src\starlight_math.h" />
    <ClInclude Include="src\starlight_memory.h" />
    <ClInclude Include="src\starlight_opengl.h" />
    <ClInclude Include="src\starlight_platform.h" />
    <ClInclude Include="src\starlight_game.h" />
    <ClInclude Include="src\starlight_generated.h" />
    <ClInclude Include="src\starlight_input.h" />
    <ClInclude Include="src\starlight_log.h" />
    <ClInclude Include="src\starlight_graphics.h" />
    <ClInclude Include="src\starlight_renderer_windows.h" />
    <ClInclude Include="src\starlight_transform.h" />
    <ClInclude Include="src\starlight_thread_safe_queue.h" />
    <ClInclude Include="src\starlight_windows.h" />
    <ClInclude Include="src\WorldGen.h" />
  </ItemGroup>
  <ItemGroup>
    <None Include="starlight.fbs" />
  </ItemGroup>
  <ItemGroup>
    <FxCompile Include="src\SimplePixelShader.hlsl" />
    <FxCompile Include="src\SimpleVertexShader.hlsl" />
  </ItemGroup>
</Project>