<?xml version="1.0" encoding="utf-8"?>
<Project ToolsVersion="4.0" xmlns="http://schemas.microsoft.com/developer/msbuild/2003">
  <ItemGroup>
    <ClCompile Include="starlight_input.cpp" />
    <ClCompile Include="starlight_log.cpp" />
    <ClCompile Include="starlight_game.cpp" />
    <ClCompile Include="starlight_windows.cpp" />
    <ClCompile Include="starlight_transform.cpp" />
    <ClCompile Include="starlight_renderer.cpp" />
    <ClCompile Include="starlight_external.cpp" />
  </ItemGroup>
  <ItemGroup>
    <ClInclude Include="starlight_generated.h" />
    <ClInclude Include="starlight_game.h" />
    <ClInclude Include="starlight_input.h" />
    <ClInclude Include="starlight_log.h" />
    <ClInclude Include="starlight_transform.h" />
    <ClInclude Include="starlight_renderer.h" />
    <ClInclude Include="starlight_platform.h" />
    <ClInclude Include="starlight_glm.h" />
    <ClInclude Include="starlight_thread_safe_queue.h" />
  </ItemGroup>
  <ItemGroup>
    <None Include="starlight.fbs" />
    <None Include="Header.hlsli" />
  </ItemGroup>
  <ItemGroup>
    <FxCompile Include="SimplePixelShader.hlsl" />
    <FxCompile Include="SimpleVertexShader.hlsl" />
  </ItemGroup>
</Project>