<?xml version="1.0" encoding="utf-8"?>
<Project ToolsVersion="4.0" xmlns="http://schemas.microsoft.com/developer/msbuild/2003">
  <ItemGroup>
    <ClCompile Include="starlight_input.cpp" />
    <ClCompile Include="starlight_log.cpp" />
    <ClCompile Include="starlight_game.cpp" />
    <ClCompile Include="starlight_transform.cpp" />
    <ClCompile Include="starlight_external.cpp" />
    <ClCompile Include="starlight_d3d10.cpp" />
    <ClCompile Include="starlight_d3d11.cpp" />
    <ClCompile Include="starlight_platform.cpp" />
    <ClCompile Include="starlight_opengl.cpp" />
    <ClCompile Include="starlight_d3d10_imgui.cpp" />
    <ClCompile Include="starlight_d3d11_imgui.cpp" />
    <ClCompile Include="starlight_windows.cpp" />
    <ClCompile Include="starlight_graphics.cpp" />
  </ItemGroup>
  <ItemGroup>
    <ClInclude Include="starlight_generated.h" />
    <ClInclude Include="starlight_game.h" />
    <ClInclude Include="starlight_input.h" />
    <ClInclude Include="starlight_log.h" />
    <ClInclude Include="starlight_transform.h" />
    <ClInclude Include="starlight_platform.h" />
    <ClInclude Include="starlight_glm.h" />
    <ClInclude Include="starlight_thread_safe_queue.h" />
    <ClInclude Include="starlight_math.h" />
    <ClInclude Include="starlight_cbuffer.h" />
    <ClInclude Include="starlight_d3d_shared.h" />
    <ClInclude Include="starlight_opengl.h" />
    <ClInclude Include="starlight_d3d10.h" />
    <ClInclude Include="starlight_d3d11.h" />
    <ClInclude Include="starlight_renderer_windows.h" />
    <ClInclude Include="starlight_config.h" />
    <ClInclude Include="starlight.h" />
    <ClInclude Include="starlight_windows.h" />
    <ClInclude Include="starlight_graphics.h" />
  </ItemGroup>
  <ItemGroup>
    <None Include="starlight.fbs" />
  </ItemGroup>
  <ItemGroup>
    <FxCompile Include="SimplePixelShader.hlsl" />
    <FxCompile Include="SimpleVertexShader.hlsl" />
  </ItemGroup>
</Project>